{
  "requires": true,
  "lockfileVersion": 1,
  "dependencies": {
    "@fortawesome/fontawesome-free": {
      "version": "5.10.2",
      "resolved": "https://registry.npmjs.org/@fortawesome/fontawesome-free/-/fontawesome-free-5.10.2.tgz",
      "integrity": "sha512-9pw+Nsnunl9unstGEHQ+u41wBEQue6XPBsILXtJF/4fNN1L3avJcMF/gGF86rIjeTAgfLjTY9ndm68/X4f4idQ=="
    },
    "jquery": {
      "version": "3.4.1",
      "resolved": "https://registry.npmjs.org/jquery/-/jquery-3.4.1.tgz",
      "integrity": "sha512-36+AdBzCL+y6qjw5Tx7HgzeGCzC81MDDgaUP8ld2zhx58HdqXGoBd+tHdrBMiyjGQs0Hxs/MLZTu/eHNJJuWPw=="
    },
    "jquery-slimscroll": {
      "version": "1.3.8",
      "resolved": "https://registry.npmjs.org/jquery-slimscroll/-/jquery-slimscroll-1.3.8.tgz",
      "integrity": "sha1-hIHETnpHaHZTkIoo9/cK7WTITjY=",
      "requires": {
        "jquery": ">= 1.7"
      }
    },
    "node-normalize-scss": {
      "version": "8.0.1",
      "resolved": "https://registry.npmjs.org/node-normalize-scss/-/node-normalize-scss-8.0.1.tgz",
      "integrity": "sha512-viPhFNDOuHAHxW8J0Yk4qfT4YWO7y21fpjQGRK9hM9jYKeQR2wdw3ughQnCW4roz5cCNSdJZccfRZOXj83PEcg=="
    }
  }
}
